{
  "name": "connect-demo",
  "version": "1.0.0",
  "lockfileVersion": 2,
  "requires": true,
  "packages": {
    "": {
      "name": "connect-demo",
      "version": "1.0.0",
      "license": "MIT",
      "dependencies": {
        "@arrowood.dev/socket": "^0.1.0"
      }
    },
    "node_modules/@arrowood.dev/socket": {
      "version": "0.1.0",
      "resolved": "https://registry.npmjs.org/@arrowood.dev/socket/-/socket-0.1.0.tgz",
      "integrity": "sha512-Ub334wNw1UxPkXWXZE5M1/5k6cdhBPUkD9mqInHcDDcWeb4LMRsbt3ZpUyaPfom/eLLEqbSDlo92NMKkHPJtfA==",
      "engines": {
        "node": ">=18"
      }
    }
  },
  "dependencies": {
    "@arrowood.dev/socket": {
      "version": "0.1.0",
      "resolved": "https://registry.npmjs.org/@arrowood.dev/socket/-/socket-0.1.0.tgz",
      "integrity": "sha512-Ub334wNw1UxPkXWXZE5M1/5k6cdhBPUkD9mqInHcDDcWeb4LMRsbt3ZpUyaPfom/eLLEqbSDlo92NMKkHPJtfA=="
    }
  }
}
